
Microsoft Visual Studio Solution File, Format Version 12.00
Project("{FAE04EC0-301F-11D3-BF4B-00C04F79EFBC}") = "DreamingSortingWPF", "DreamingSortingWPF\DreamingSortingWPF.csproj", "{EB21A595-1DBA-42B1-9155-1791C15766B1}"
EndProject
Global
	GlobalSection(SolutionConfigurationPlatforms) = preSolution
		Debug|Any CPU = Debug|Any CPU
		Release|Any CPU = Release|Any CPU
	EndGlobalSection
	GlobalSection(ProjectConfigurationPlatforms) = postSolution
		{EB21A595-1DBA-42B1-9155-1791C15766B1}.Debug|Any CPU.ActiveCfg = Debug|Any CPU
		{EB21A595-1DBA-42B1-9155-1791C15766B1}.Debug|Any CPU.Build.0 = Debug|Any CPU
		{EB21A595-1DBA-42B1-9155-1791C15766B1}.Release|Any CPU.ActiveCfg = Release|Any CPU
		{EB21A595-1DBA-42B1-9155-1791C15766B1}.Release|Any CPU.Build.0 = Release|Any CPU
	EndGlobalSection
EndGlobal
